
Microsoft Visual Studio Solution File, Format Version 12.00
# Visual Studio Version 16
VisualStudioVersion = 16.0.29230.47
MinimumVisualStudioVersion = 10.0.40219.1
Project("{FAE04EC0-301F-11D3-BF4B-00C04F79EFBC}") = "BeerControlCms", "BeerControlCms\BeerControlCms.csproj", "{85E3AFDC-C583-4EFD-B5C7-8A8D708F624E}"
EndProject
Global
	GlobalSection(SolutionConfigurationPlatforms) = preSolution
		Debug|Any CPU = Debug|Any CPU
		Release|Any CPU = Release|Any CPU
	EndGlobalSection
	GlobalSection(ProjectConfigurationPlatforms) = postSolution
		{85E3AFDC-C583-4EFD-B5C7-8A8D708F624E}.Debug|Any CPU.ActiveCfg = Debug|Any CPU
		{85E3AFDC-C583-4EFD-B5C7-8A8D708F624E}.Debug|Any CPU.Build.0 = Debug|Any CPU
		{85E3AFDC-C583-4EFD-B5C7-8A8D708F624E}.Release|Any CPU.ActiveCfg = Release|Any CPU
		{85E3AFDC-C583-4EFD-B5C7-8A8D708F624E}.Release|Any CPU.Build.0 = Release|Any CPU
	EndGlobalSection
	GlobalSection(SolutionProperties) = preSolution
		HideSolutionNode = FALSE
	EndGlobalSection
	GlobalSection(ExtensibilityGlobals) = postSolution
		SolutionGuid = {7273E9C5-5A45-47FB-B399-36E275C7A4BC}
	EndGlobalSection
EndGlobal
